// !$*UTF8*$!
{
	archiveVersion = 1;
	classes = {
	};
	objectVersion = 46;
	objects = {

/* Begin PBXBuildFile section */
		7ADDD3BA6EF635C761A3E80A /* Pods_women_tech_app.framework in Frameworks */ = {isa = PBXBuildFile; fileRef = 2CD2D80354C5A0EB3C1E87AD /* Pods_women_tech_app.framework */; };
		DB094D911CB5765B00ED9E84 /* AppDelegate.swift in Sources */ = {isa = PBXBuildFile; fileRef = DB094D901CB5765B00ED9E84 /* AppDelegate.swift */; };
		DB094D931CB5765B00ED9E84 /* ViewController.swift in Sources */ = {isa = PBXBuildFile; fileRef = DB094D921CB5765B00ED9E84 /* ViewController.swift */; };
		DB094D961CB5765B00ED9E84 /* Main.storyboard in Resources */ = {isa = PBXBuildFile; fileRef = DB094D941CB5765B00ED9E84 /* Main.storyboard */; };
		DB094D981CB5765B00ED9E84 /* Assets.xcassets in Resources */ = {isa = PBXBuildFile; fileRef = DB094D971CB5765B00ED9E84 /* Assets.xcassets */; };
		DB094D9B1CB5765B00ED9E84 /* LaunchScreen.storyboard in Resources */ = {isa = PBXBuildFile; fileRef = DB094D991CB5765B00ED9E84 /* LaunchScreen.storyboard */; };
		DB094DA61CB5765B00ED9E84 /* women_tech_appTests.swift in Sources */ = {isa = PBXBuildFile; fileRef = DB094DA51CB5765B00ED9E84 /* women_tech_appTests.swift */; };
		DB094DB11CB5765B00ED9E84 /* women_tech_appUITests.swift in Sources */ = {isa = PBXBuildFile; fileRef = DB094DB01CB5765B00ED9E84 /* women_tech_appUITests.swift */; };
		DBDBB4251CBE8BE8008B7C17 /* Meetup.swift in Sources */ = {isa = PBXBuildFile; fileRef = DBDBB4241CBE8BE8008B7C17 /* Meetup.swift */; };
		DBDBB4271CBE90AD008B7C17 /* MeetupWrapper.swift in Sources */ = {isa = PBXBuildFile; fileRef = DBDBB4261CBE90AD008B7C17 /* MeetupWrapper.swift */; };
		FCD69429E5F4E20D726EA288 /* Pods.framework in Frameworks */ = {isa = PBXBuildFile; fileRef = 4C04FF43DD1124CEBE916AEE /* Pods.framework */; };
/* End PBXBuildFile section */

/* Begin PBXContainerItemProxy section */
		DB094DA21CB5765B00ED9E84 /* PBXContainerItemProxy */ = {
			isa = PBXContainerItemProxy;
			containerPortal = DB094D851CB5765B00ED9E84 /* Project object */;
			proxyType = 1;
			remoteGlobalIDString = DB094D8C1CB5765B00ED9E84;
			remoteInfo = "women-tech-app";
		};
		DB094DAD1CB5765B00ED9E84 /* PBXContainerItemProxy */ = {
			isa = PBXContainerItemProxy;
			containerPortal = DB094D851CB5765B00ED9E84 /* Project object */;
			proxyType = 1;
			remoteGlobalIDString = DB094D8C1CB5765B00ED9E84;
			remoteInfo = "women-tech-app";
		};
/* End PBXContainerItemProxy section */

/* Begin PBXFileReference section */
		2CD2D80354C5A0EB3C1E87AD /* Pods_women_tech_app.framework */ = {isa = PBXFileReference; explicitFileType = wrapper.framework; includeInIndex = 0; path = Pods_women_tech_app.framework; sourceTree = BUILT_PRODUCTS_DIR; };
		4C04FF43DD1124CEBE916AEE /* Pods.framework */ = {isa = PBXFileReference; explicitFileType = wrapper.framework; includeInIndex = 0; path = Pods.framework; sourceTree = BUILT_PRODUCTS_DIR; };
		54D31BEACE89F558B1D406EC /* Pods-women-tech-app.release.xcconfig */ = {isa = PBXFileReference; includeInIndex = 1; lastKnownFileType = text.xcconfig; name = "Pods-women-tech-app.release.xcconfig"; path = "Pods/Target Support Files/Pods-women-tech-app/Pods-women-tech-app.release.xcconfig"; sourceTree = "<group>"; };
		65642D8759144FD2798A4E60 /* Pods-women-tech-app.debug.xcconfig */ = {isa = PBXFileReference; includeInIndex = 1; lastKnownFileType = text.xcconfig; name = "Pods-women-tech-app.debug.xcconfig"; path = "Pods/Target Support Files/Pods-women-tech-app/Pods-women-tech-app.debug.xcconfig"; sourceTree = "<group>"; };
		B1B62F49A793943A5EAFE0A4 /* Pods.debug.xcconfig */ = {isa = PBXFileReference; includeInIndex = 1; lastKnownFileType = text.xcconfig; name = Pods.debug.xcconfig; path = "Pods/Target Support Files/Pods/Pods.debug.xcconfig"; sourceTree = "<group>"; };
		DB094D8D1CB5765B00ED9E84 /* women-tech-app.app */ = {isa = PBXFileReference; explicitFileType = wrapper.application; includeInIndex = 0; path = "women-tech-app.app"; sourceTree = BUILT_PRODUCTS_DIR; };
		DB094D901CB5765B00ED9E84 /* AppDelegate.swift */ = {isa = PBXFileReference; lastKnownFileType = sourcecode.swift; path = AppDelegate.swift; sourceTree = "<group>"; };
		DB094D921CB5765B00ED9E84 /* ViewController.swift */ = {isa = PBXFileReference; lastKnownFileType = sourcecode.swift; path = ViewController.swift; sourceTree = "<group>"; };
		DB094D951CB5765B00ED9E84 /* Base */ = {isa = PBXFileReference; lastKnownFileType = file.storyboard; name = Base; path = Base.lproj/Main.storyboard; sourceTree = "<group>"; };
		DB094D971CB5765B00ED9E84 /* Assets.xcassets */ = {isa = PBXFileReference; lastKnownFileType = folder.assetcatalog; path = Assets.xcassets; sourceTree = "<group>"; };
		DB094D9A1CB5765B00ED9E84 /* Base */ = {isa = PBXFileReference; lastKnownFileType = file.storyboard; name = Base; path = Base.lproj/LaunchScreen.storyboard; sourceTree = "<group>"; };
		DB094D9C1CB5765B00ED9E84 /* Info.plist */ = {isa = PBXFileReference; lastKnownFileType = text.plist.xml; path = Info.plist; sourceTree = "<group>"; };
		DB094DA11CB5765B00ED9E84 /* women-tech-appTests.xctest */ = {isa = PBXFileReference; explicitFileType = wrapper.cfbundle; includeInIndex = 0; path = "women-tech-appTests.xctest"; sourceTree = BUILT_PRODUCTS_DIR; };
		DB094DA51CB5765B00ED9E84 /* women_tech_appTests.swift */ = {isa = PBXFileReference; lastKnownFileType = sourcecode.swift; path = women_tech_appTests.swift; sourceTree = "<group>"; };
		DB094DA71CB5765B00ED9E84 /* Info.plist */ = {isa = PBXFileReference; lastKnownFileType = text.plist.xml; path = Info.plist; sourceTree = "<group>"; };
		DB094DAC1CB5765B00ED9E84 /* women-tech-appUITests.xctest */ = {isa = PBXFileReference; explicitFileType = wrapper.cfbundle; includeInIndex = 0; path = "women-tech-appUITests.xctest"; sourceTree = BUILT_PRODUCTS_DIR; };
		DB094DB01CB5765B00ED9E84 /* women_tech_appUITests.swift */ = {isa = PBXFileReference; lastKnownFileType = sourcecode.swift; path = women_tech_appUITests.swift; sourceTree = "<group>"; };
		DB094DB21CB5765B00ED9E84 /* Info.plist */ = {isa = PBXFileReference; lastKnownFileType = text.plist.xml; path = Info.plist; sourceTree = "<group>"; };
		DBDBB4241CBE8BE8008B7C17 /* Meetup.swift */ = {isa = PBXFileReference; fileEncoding = 4; lastKnownFileType = sourcecode.swift; path = Meetup.swift; sourceTree = "<group>"; };
		DBDBB4261CBE90AD008B7C17 /* MeetupWrapper.swift */ = {isa = PBXFileReference; fileEncoding = 4; lastKnownFileType = sourcecode.swift; path = MeetupWrapper.swift; sourceTree = "<group>"; };
		E8BFF25B6D4E050E5CDB74B0 /* Pods.release.xcconfig */ = {isa = PBXFileReference; includeInIndex = 1; lastKnownFileType = text.xcconfig; name = Pods.release.xcconfig; path = "Pods/Target Support Files/Pods/Pods.release.xcconfig"; sourceTree = "<group>"; };
/* End PBXFileReference section */

/* Begin PBXFrameworksBuildPhase section */
		DB094D8A1CB5765B00ED9E84 /* Frameworks */ = {
			isa = PBXFrameworksBuildPhase;
			buildActionMask = 2147483647;
			files = (
				FCD69429E5F4E20D726EA288 /* Pods.framework in Frameworks */,
				7ADDD3BA6EF635C761A3E80A /* Pods_women_tech_app.framework in Frameworks */,
			);
			runOnlyForDeploymentPostprocessing = 0;
		};
		DB094D9E1CB5765B00ED9E84 /* Frameworks */ = {
			isa = PBXFrameworksBuildPhase;
			buildActionMask = 2147483647;
			files = (
			);
			runOnlyForDeploymentPostprocessing = 0;
		};
		DB094DA91CB5765B00ED9E84 /* Frameworks */ = {
			isa = PBXFrameworksBuildPhase;
			buildActionMask = 2147483647;
			files = (
			);
			runOnlyForDeploymentPostprocessing = 0;
		};
/* End PBXFrameworksBuildPhase section */

/* Begin PBXGroup section */
		0AE27442A8C251C8C07795A6 /* Frameworks */ = {
			isa = PBXGroup;
			children = (
				4C04FF43DD1124CEBE916AEE /* Pods.framework */,
				2CD2D80354C5A0EB3C1E87AD /* Pods_women_tech_app.framework */,
			);
			name = Frameworks;
			sourceTree = "<group>";
		};
		21DC5FDEF8752CC459EA9144 /* Pods */ = {
			isa = PBXGroup;
			children = (
				B1B62F49A793943A5EAFE0A4 /* Pods.debug.xcconfig */,
				E8BFF25B6D4E050E5CDB74B0 /* Pods.release.xcconfig */,
				65642D8759144FD2798A4E60 /* Pods-women-tech-app.debug.xcconfig */,
				54D31BEACE89F558B1D406EC /* Pods-women-tech-app.release.xcconfig */,
			);
			name = Pods;
			sourceTree = "<group>";
		};
		DB094D841CB5765B00ED9E84 = {
			isa = PBXGroup;
			children = (
				DB094D8F1CB5765B00ED9E84 /* women-tech-app */,
				DB094DA41CB5765B00ED9E84 /* women-tech-appTests */,
				DB094DAF1CB5765B00ED9E84 /* women-tech-appUITests */,
				DB094D8E1CB5765B00ED9E84 /* Products */,
				21DC5FDEF8752CC459EA9144 /* Pods */,
				0AE27442A8C251C8C07795A6 /* Frameworks */,
			);
			sourceTree = "<group>";
		};
		DB094D8E1CB5765B00ED9E84 /* Products */ = {
			isa = PBXGroup;
			children = (
				DB094D8D1CB5765B00ED9E84 /* women-tech-app.app */,
				DB094DA11CB5765B00ED9E84 /* women-tech-appTests.xctest */,
				DB094DAC1CB5765B00ED9E84 /* women-tech-appUITests.xctest */,
			);
			name = Products;
			sourceTree = "<group>";
		};
		DB094D8F1CB5765B00ED9E84 /* women-tech-app */ = {
			isa = PBXGroup;
			children = (
				DB094D901CB5765B00ED9E84 /* AppDelegate.swift */,
				DB094D921CB5765B00ED9E84 /* ViewController.swift */,
				DB094D941CB5765B00ED9E84 /* Main.storyboard */,
				DB094D971CB5765B00ED9E84 /* Assets.xcassets */,
				DB094D991CB5765B00ED9E84 /* LaunchScreen.storyboard */,
				DB094D9C1CB5765B00ED9E84 /* Info.plist */,
				DBDBB4241CBE8BE8008B7C17 /* Meetup.swift */,
				DBDBB4261CBE90AD008B7C17 /* MeetupWrapper.swift */,
			);
			path = "women-tech-app";
			sourceTree = "<group>";
		};
		DB094DA41CB5765B00ED9E84 /* women-tech-appTests */ = {
			isa = PBXGroup;
			children = (
				DB094DA51CB5765B00ED9E84 /* women_tech_appTests.swift */,
				DB094DA71CB5765B00ED9E84 /* Info.plist */,
			);
			path = "women-tech-appTests";
			sourceTree = "<group>";
		};
		DB094DAF1CB5765B00ED9E84 /* women-tech-appUITests */ = {
			isa = PBXGroup;
			children = (
				DB094DB01CB5765B00ED9E84 /* women_tech_appUITests.swift */,
				DB094DB21CB5765B00ED9E84 /* Info.plist */,
			);
			path = "women-tech-appUITests";
			sourceTree = "<group>";
		};
/* End PBXGroup section */

/* Begin PBXNativeTarget section */
		DB094D8C1CB5765B00ED9E84 /* women-tech-app */ = {
			isa = PBXNativeTarget;
			buildConfigurationList = DB094DB51CB5765B00ED9E84 /* Build configuration list for PBXNativeTarget "women-tech-app" */;
			buildPhases = (
				DD9B4B7F65ADA9DBD495C70A /* Check Pods Manifest.lock */,
				DB094D891CB5765B00ED9E84 /* Sources */,
				DB094D8A1CB5765B00ED9E84 /* Frameworks */,
				DB094D8B1CB5765B00ED9E84 /* Resources */,
				571E8C44215EBDEBD7AE68DA /* Embed Pods Frameworks */,
				077A4CF9E2A0F00D936E1522 /* Copy Pods Resources */,
			);
			buildRules = (
			);
			dependencies = (
			);
			name = "women-tech-app";
			productName = "women-tech-app";
			productReference = DB094D8D1CB5765B00ED9E84 /* women-tech-app.app */;
			productType = "com.apple.product-type.application";
		};
		DB094DA01CB5765B00ED9E84 /* women-tech-appTests */ = {
			isa = PBXNativeTarget;
			buildConfigurationList = DB094DB81CB5765B00ED9E84 /* Build configuration list for PBXNativeTarget "women-tech-appTests" */;
			buildPhases = (
				DB094D9D1CB5765B00ED9E84 /* Sources */,
				DB094D9E1CB5765B00ED9E84 /* Frameworks */,
				DB094D9F1CB5765B00ED9E84 /* Resources */,
			);
			buildRules = (
			);
			dependencies = (
				DB094DA31CB5765B00ED9E84 /* PBXTargetDependency */,
			);
			name = "women-tech-appTests";
			productName = "women-tech-appTests";
			productReference = DB094DA11CB5765B00ED9E84 /* women-tech-appTests.xctest */;
			productType = "com.apple.product-type.bundle.unit-test";
		};
		DB094DAB1CB5765B00ED9E84 /* women-tech-appUITests */ = {
			isa = PBXNativeTarget;
			buildConfigurationList = DB094DBB1CB5765B00ED9E84 /* Build configuration list for PBXNativeTarget "women-tech-appUITests" */;
			buildPhases = (
				DB094DA81CB5765B00ED9E84 /* Sources */,
				DB094DA91CB5765B00ED9E84 /* Frameworks */,
				DB094DAA1CB5765B00ED9E84 /* Resources */,
			);
			buildRules = (
			);
			dependencies = (
				DB094DAE1CB5765B00ED9E84 /* PBXTargetDependency */,
			);
			name = "women-tech-appUITests";
			productName = "women-tech-appUITests";
			productReference = DB094DAC1CB5765B00ED9E84 /* women-tech-appUITests.xctest */;
			productType = "com.apple.product-type.bundle.ui-testing";
		};
/* End PBXNativeTarget section */

/* Begin PBXProject section */
		DB094D851CB5765B00ED9E84 /* Project object */ = {
			isa = PBXProject;
			attributes = {
				LastSwiftUpdateCheck = 0720;
				LastUpgradeCheck = 0720;
				ORGANIZATIONNAME = "Caponong, Lauren";
				TargetAttributes = {
					DB094D8C1CB5765B00ED9E84 = {
						CreatedOnToolsVersion = 7.2.1;
					};
					DB094DA01CB5765B00ED9E84 = {
						CreatedOnToolsVersion = 7.2.1;
						TestTargetID = DB094D8C1CB5765B00ED9E84;
					};
					DB094DAB1CB5765B00ED9E84 = {
						CreatedOnToolsVersion = 7.2.1;
						TestTargetID = DB094D8C1CB5765B00ED9E84;
					};
				};
			};
			buildConfigurationList = DB094D881CB5765B00ED9E84 /* Build configuration list for PBXProject "women-tech-app" */;
			compatibilityVersion = "Xcode 3.2";
			developmentRegion = English;
			hasScannedForEncodings = 0;
			knownRegions = (
				en,
				Base,
			);
			mainGroup = DB094D841CB5765B00ED9E84;
			productRefGroup = DB094D8E1CB5765B00ED9E84 /* Products */;
			projectDirPath = "";
			projectRoot = "";
			targets = (
				DB094D8C1CB5765B00ED9E84 /* women-tech-app */,
				DB094DA01CB5765B00ED9E84 /* women-tech-appTests */,
				DB094DAB1CB5765B00ED9E84 /* women-tech-appUITests */,
			);
		};
/* End PBXProject section */

/* Begin PBXResourcesBuildPhase section */
		DB094D8B1CB5765B00ED9E84 /* Resources */ = {
			isa = PBXResourcesBuildPhase;
			buildActionMask = 2147483647;
			files = (
				DB094D9B1CB5765B00ED9E84 /* LaunchScreen.storyboard in Resources */,
				DB094D981CB5765B00ED9E84 /* Assets.xcassets in Resources */,
				DB094D961CB5765B00ED9E84 /* Main.storyboard in Resources */,
			);
			runOnlyForDeploymentPostprocessing = 0;
		};
		DB094D9F1CB5765B00ED9E84 /* Resources */ = {
			isa = PBXResourcesBuildPhase;
			buildActionMask = 2147483647;
			files = (
			);
			runOnlyForDeploymentPostprocessing = 0;
		};
		DB094DAA1CB5765B00ED9E84 /* Resources */ = {
			isa = PBXResourcesBuildPhase;
			buildActionMask = 2147483647;
			files = (
			);
			runOnlyForDeploymentPostprocessing = 0;
		};
/* End PBXResourcesBuildPhase section */

/* Begin PBXShellScriptBuildPhase section */
		077A4CF9E2A0F00D936E1522 /* Copy Pods Resources */ = {
			isa = PBXShellScriptBuildPhase;
			buildActionMask = 2147483647;
			files = (
			);
			inputPaths = (
			);
			name = "Copy Pods Resources";
			outputPaths = (
			);
			runOnlyForDeploymentPostprocessing = 0;
			shellPath = /bin/sh;
			shellScript = "\"${SRCROOT}/Pods/Target Support Files/Pods-women-tech-app/Pods-women-tech-app-resources.sh\"\n";
			showEnvVarsInLog = 0;
		};
		571E8C44215EBDEBD7AE68DA /* Embed Pods Frameworks */ = {
			isa = PBXShellScriptBuildPhase;
			buildActionMask = 2147483647;
			files = (
			);
			inputPaths = (
			);
			name = "Embed Pods Frameworks";
			outputPaths = (
			);
			runOnlyForDeploymentPostprocessing = 0;
			shellPath = /bin/sh;
			shellScript = "\"${SRCROOT}/Pods/Target Support Files/Pods-women-tech-app/Pods-women-tech-app-frameworks.sh\"\n";
			showEnvVarsInLog = 0;
		};
		DD9B4B7F65ADA9DBD495C70A /* Check Pods Manifest.lock */ = {
			isa = PBXShellScriptBuildPhase;
			buildActionMask = 2147483647;
			files = (
			);
			inputPaths = (
			);
			name = "Check Pods Manifest.lock";
			outputPaths = (
			);
			runOnlyForDeploymentPostprocessing = 0;
			shellPath = /bin/sh;
			shellScript = "diff \"${PODS_ROOT}/../Podfile.lock\" \"${PODS_ROOT}/Manifest.lock\" > /dev/null\nif [[ $? != 0 ]] ; then\n    cat << EOM\nerror: The sandbox is not in sync with the Podfile.lock. Run 'pod install' or update your CocoaPods installation.\nEOM\n    exit 1\nfi\n";
			showEnvVarsInLog = 0;
		};
/* End PBXShellScriptBuildPhase section */

/* Begin PBXSourcesBuildPhase section */
		DB094D891CB5765B00ED9E84 /* Sources */ = {
			isa = PBXSourcesBuildPhase;
			buildActionMask = 2147483647;
			files = (
				DB094D931CB5765B00ED9E84 /* ViewController.swift in Sources */,
				DB094D911CB5765B00ED9E84 /* AppDelegate.swift in Sources */,
				DBDBB4251CBE8BE8008B7C17 /* Meetup.swift in Sources */,
				DBDBB4271CBE90AD008B7C17 /* MeetupWrapper.swift in Sources */,
			);
			runOnlyForDeploymentPostprocessing = 0;
		};
		DB094D9D1CB5765B00ED9E84 /* Sources */ = {
			isa = PBXSourcesBuildPhase;
			buildActionMask = 2147483647;
			files = (
				DB094DA61CB5765B00ED9E84 /* women_tech_appTests.swift in Sources */,
			);
			runOnlyForDeploymentPostprocessing = 0;
		};
		DB094DA81CB5765B00ED9E84 /* Sources */ = {
			isa = PBXSourcesBuildPhase;
			buildActionMask = 2147483647;
			files = (
				DB094DB11CB5765B00ED9E84 /* women_tech_appUITests.swift in Sources */,
			);
			runOnlyForDeploymentPostprocessing = 0;
		};
/* End PBXSourcesBuildPhase section */

/* Begin PBXTargetDependency section */
		DB094DA31CB5765B00ED9E84 /* PBXTargetDependency */ = {
			isa = PBXTargetDependency;
			target = DB094D8C1CB5765B00ED9E84 /* women-tech-app */;
			targetProxy = DB094DA21CB5765B00ED9E84 /* PBXContainerItemProxy */;
		};
		DB094DAE1CB5765B00ED9E84 /* PBXTargetDependency */ = {
			isa = PBXTargetDependency;
			target = DB094D8C1CB5765B00ED9E84 /* women-tech-app */;
			targetProxy = DB094DAD1CB5765B00ED9E84 /* PBXContainerItemProxy */;
		};
/* End PBXTargetDependency section */

/* Begin PBXVariantGroup section */
		DB094D941CB5765B00ED9E84 /* Main.storyboard */ = {
			isa = PBXVariantGroup;
			children = (
				DB094D951CB5765B00ED9E84 /* Base */,
			);
			name = Main.storyboard;
			sourceTree = "<group>";
		};
		DB094D991CB5765B00ED9E84 /* LaunchScreen.storyboard */ = {
			isa = PBXVariantGroup;
			children = (
				DB094D9A1CB5765B00ED9E84 /* Base */,
			);
			name = LaunchScreen.storyboard;
			sourceTree = "<group>";
		};
/* End PBXVariantGroup section */

/* Begin XCBuildConfiguration section */
		DB094DB31CB5765B00ED9E84 /* Debug */ = {
			isa = XCBuildConfiguration;
			buildSettings = {
				ALWAYS_SEARCH_USER_PATHS = NO;
				CLANG_CXX_LANGUAGE_STANDARD = "gnu++0x";
				CLANG_CXX_LIBRARY = "libc++";
				CLANG_ENABLE_MODULES = YES;
				CLANG_ENABLE_OBJC_ARC = YES;
				CLANG_WARN_BOOL_CONVERSION = YES;
				CLANG_WARN_CONSTANT_CONVERSION = YES;
				CLANG_WARN_DIRECT_OBJC_ISA_USAGE = YES_ERROR;
				CLANG_WARN_EMPTY_BODY = YES;
				CLANG_WARN_ENUM_CONVERSION = YES;
				CLANG_WARN_INT_CONVERSION = YES;
				CLANG_WARN_OBJC_ROOT_CLASS = YES_ERROR;
				CLANG_WARN_UNREACHABLE_CODE = YES;
				CLANG_WARN__DUPLICATE_METHOD_MATCH = YES;
				"CODE_SIGN_IDENTITY[sdk=iphoneos*]" = "iPhone Developer";
				COPY_PHASE_STRIP = NO;
				DEBUG_INFORMATION_FORMAT = dwarf;
				ENABLE_STRICT_OBJC_MSGSEND = YES;
				ENABLE_TESTABILITY = YES;
				GCC_C_LANGUAGE_STANDARD = gnu99;
				GCC_DYNAMIC_NO_PIC = NO;
				GCC_NO_COMMON_BLOCKS = YES;
				GCC_OPTIMIZATION_LEVEL = 0;
				GCC_PREPROCESSOR_DEFINITIONS = (
					"DEBUG=1",
					"$(inherited)",
				);
				GCC_WARN_64_TO_32_BIT_CONVERSION = YES;
				GCC_WARN_ABOUT_RETURN_TYPE = YES_ERROR;
				GCC_WARN_UNDECLARED_SELECTOR = YES;
				GCC_WARN_UNINITIALIZED_AUTOS = YES_AGGRESSIVE;
				GCC_WARN_UNUSED_FUNCTION = YES;
				GCC_WARN_UNUSED_VARIABLE = YES;
				IPHONEOS_DEPLOYMENT_TARGET = 9.2;
				MTL_ENABLE_DEBUG_INFO = YES;
				ONLY_ACTIVE_ARCH = YES;
				SDKROOT = iphoneos;
				SWIFT_OPTIMIZATION_LEVEL = "-Onone";
			};
			name = Debug;
		};
		DB094DB41CB5765B00ED9E84 /* Release */ = {
			isa = XCBuildConfiguration;
			buildSettings = {
				ALWAYS_SEARCH_USER_PATHS = NO;
				CLANG_CXX_LANGUAGE_STANDARD = "gnu++0x";
				CLANG_CXX_LIBRARY = "libc++";
				CLANG_ENABLE_MODULES = YES;
				CLANG_ENABLE_OBJC_ARC = YES;
				CLANG_WARN_BOOL_CONVERSION = YES;
				CLANG_WARN_CONSTANT_CONVERSION = YES;
				CLANG_WARN_DIRECT_OBJC_ISA_USAGE = YES_ERROR;
				CLANG_WARN_EMPTY_BODY = YES;
				CLANG_WARN_ENUM_CONVERSION = YES;
				CLANG_WARN_INT_CONVERSION = YES;
				CLANG_WARN_OBJC_ROOT_CLASS = YES_ERROR;
				CLANG_WARN_UNREACHABLE_CODE = YES;
				CLANG_WARN__DUPLICATE_METHOD_MATCH = YES;
				"CODE_SIGN_IDENTITY[sdk=iphoneos*]" = "iPhone Developer";
				COPY_PHASE_STRIP = NO;
				DEBUG_INFORMATION_FORMAT = "dwarf-with-dsym";
				ENABLE_NS_ASSERTIONS = NO;
				ENABLE_STRICT_OBJC_MSGSEND = YES;
				GCC_C_LANGUAGE_STANDARD = gnu99;
				GCC_NO_COMMON_BLOCKS = YES;
				GCC_WARN_64_TO_32_BIT_CONVERSION = YES;
				GCC_WARN_ABOUT_RETURN_TYPE = YES_ERROR;
				GCC_WARN_UNDECLARED_SELECTOR = YES;
				GCC_WARN_UNINITIALIZED_AUTOS = YES_AGGRESSIVE;
				GCC_WARN_UNUSED_FUNCTION = YES;
				GCC_WARN_UNUSED_VARIABLE = YES;
				IPHONEOS_DEPLOYMENT_TARGET = 9.2;
				MTL_ENABLE_DEBUG_INFO = NO;
				SDKROOT = iphoneos;
				VALIDATE_PRODUCT = YES;
			};
			name = Release;
		};
		DB094DB61CB5765B00ED9E84 /* Debug */ = {
			isa = XCBuildConfiguration;
			baseConfigurationReference = 65642D8759144FD2798A4E60 /* Pods-women-tech-app.debug.xcconfig */;
			buildSettings = {
				ASSETCATALOG_COMPILER_APPICON_NAME = AppIcon;
				INFOPLIST_FILE = "women-tech-app/Info.plist";
				LD_RUNPATH_SEARCH_PATHS = "$(inherited) @executable_path/Frameworks";
				PRODUCT_BUNDLE_IDENTIFIER = "com.laurencaponong.women-tech-app";
				PRODUCT_NAME = "$(TARGET_NAME)";
			};
			name = Debug;
		};
		DB094DB71CB5765B00ED9E84 /* Release */ = {
			isa = XCBuildConfiguration;
			baseConfigurationReference = 54D31BEACE89F558B1D406EC /* Pods-women-tech-app.release.xcconfig */;
			buildSettings = {
				ASSETCATALOG_COMPILER_APPICON_NAME = AppIcon;
				INFOPLIST_FILE = "women-tech-app/Info.plist";
				LD_RUNPATH_SEARCH_PATHS = "$(inherited) @executable_path/Frameworks";
				PRODUCT_BUNDLE_IDENTIFIER = "com.laurencaponong.women-tech-app";
				PRODUCT_NAME = "$(TARGET_NAME)";
			};
			name = Release;
		};
		DB094DB91CB5765B00ED9E84 /* Debug */ = {
			isa = XCBuildConfiguration;
			buildSettings = {
				BUNDLE_LOADER = "$(TEST_HOST)";
				INFOPLIST_FILE = "women-tech-appTests/Info.plist";
				LD_RUNPATH_SEARCH_PATHS = "$(inherited) @executable_path/Frameworks @loader_path/Frameworks";
				PRODUCT_BUNDLE_IDENTIFIER = "com.laurencaponong.women-tech-appTests";
				PRODUCT_NAME = "$(TARGET_NAME)";
				TEST_HOST = "$(BUILT_PRODUCTS_DIR)/women-tech-app.app/women-tech-app";
			};
			name = Debug;
		};
		DB094DBA1CB5765B00ED9E84 /* Release */ = {
			isa = XCBuildConfiguration;
			buildSettings = {
				BUNDLE_LOADER = "$(TEST_HOST)";
				INFOPLIST_FILE = "women-tech-appTests/Info.plist";
				LD_RUNPATH_SEARCH_PATHS = "$(inherited) @executable_path/Frameworks @loader_path/Frameworks";
				PRODUCT_BUNDLE_IDENTIFIER = "com.laurencaponong.women-tech-appTests";
				PRODUCT_NAME = "$(TARGET_NAME)";
				TEST_HOST = "$(BUILT_PRODUCTS_DIR)/women-tech-app.app/women-tech-app";
			};
			name = Release;
		};
		DB094DBC1CB5765B00ED9E84 /* Debug */ = {
			isa = XCBuildConfiguration;
			buildSettings = {
				INFOPLIST_FILE = "women-tech-appUITests/Info.plist";
				LD_RUNPATH_SEARCH_PATHS = "$(inherited) @executable_path/Frameworks @loader_path/Frameworks";
				PRODUCT_BUNDLE_IDENTIFIER = "com.laurencaponong.women-tech-appUITests";
				PRODUCT_NAME = "$(TARGET_NAME)";
				TEST_TARGET_NAME = "women-tech-app";
				USES_XCTRUNNER = YES;
			};
			name = Debug;
		};
		DB094DBD1CB5765B00ED9E84 /* Release */ = {
			isa = XCBuildConfiguration;
			buildSettings = {
				INFOPLIST_FILE = "women-tech-appUITests/Info.plist";
				LD_RUNPATH_SEARCH_PATHS = "$(inherited) @executable_path/Frameworks @loader_path/Frameworks";
				PRODUCT_BUNDLE_IDENTIFIER = "com.laurencaponong.women-tech-appUITests";
				PRODUCT_NAME = "$(TARGET_NAME)";
				TEST_TARGET_NAME = "women-tech-app";
				USES_XCTRUNNER = YES;
			};
			name = Release;
		};
/* End XCBuildConfiguration section */

/* Begin XCConfigurationList section */
		DB094D881CB5765B00ED9E84 /* Build configuration list for PBXProject "women-tech-app" */ = {
			isa = XCConfigurationList;
			buildConfigurations = (
				DB094DB31CB5765B00ED9E84 /* Debug */,
				DB094DB41CB5765B00ED9E84 /* Release */,
			);
			defaultConfigurationIsVisible = 0;
			defaultConfigurationName = Release;
		};
		DB094DB51CB5765B00ED9E84 /* Build configuration list for PBXNativeTarget "women-tech-app" */ = {
			isa = XCConfigurationList;
			buildConfigurations = (
				DB094DB61CB5765B00ED9E84 /* Debug */,
				DB094DB71CB5765B00ED9E84 /* Release */,
			);
			defaultConfigurationIsVisible = 0;
			defaultConfigurationName = Release;
		};
		DB094DB81CB5765B00ED9E84 /* Build configuration list for PBXNativeTarget "women-tech-appTests" */ = {
			isa = XCConfigurationList;
			buildConfigurations = (
				DB094DB91CB5765B00ED9E84 /* Debug */,
				DB094DBA1CB5765B00ED9E84 /* Release */,
			);
			defaultConfigurationIsVisible = 0;
			defaultConfigurationName = Release;
		};
		DB094DBB1CB5765B00ED9E84 /* Build configuration list for PBXNativeTarget "women-tech-appUITests" */ = {
			isa = XCConfigurationList;
			buildConfigurations = (
				DB094DBC1CB5765B00ED9E84 /* Debug */,
				DB094DBD1CB5765B00ED9E84 /* Release */,
			);
			defaultConfigurationIsVisible = 0;
			defaultConfigurationName = Release;
		};
/* End XCConfigurationList section */
	};
	rootObject = DB094D851CB5765B00ED9E84 /* Project object */;
}
